
Microsoft Visual Studio Solution File, Format Version 12.00
# Visual Studio Version 16
VisualStudioVersion = 16.0.30907.101
MinimumVisualStudioVersion = 10.0.40219.1
Project("{9A19103F-16F7-4668-BE54-9A1E7A4F7556}") = "NISOnline", "NISOnline\NISOnline.csproj", "{D73F4FF9-F6AF-4A1D-A8F2-3B4C04832879}"
EndProject
Project("{9A19103F-16F7-4668-BE54-9A1E7A4F7556}") = "WebAPI", "WebAPI\WebAPI.csproj", "{2EB02546-6B0D-4D70-B8D8-05E616FD2F1A}"
EndProject
Project("{00D1A9C2-B5F0-4AF3-8072-F6C62B433612}") = "NISdbase", "NISdbase\NISdbase.sqlproj", "{7BF6A3D6-DEFD-4D6C-A158-04514EAE742D}"
EndProject
Global
	GlobalSection(SolutionConfigurationPlatforms) = preSolution
		Debug|Any CPU = Debug|Any CPU
		Release|Any CPU = Release|Any CPU
	EndGlobalSection
	GlobalSection(ProjectConfigurationPlatforms) = postSolution
		{D73F4FF9-F6AF-4A1D-A8F2-3B4C04832879}.Debug|Any CPU.ActiveCfg = Debug|Any CPU
		{D73F4FF9-F6AF-4A1D-A8F2-3B4C04832879}.Debug|Any CPU.Build.0 = Debug|Any CPU
		{D73F4FF9-F6AF-4A1D-A8F2-3B4C04832879}.Release|Any CPU.ActiveCfg = Release|Any CPU
		{D73F4FF9-F6AF-4A1D-A8F2-3B4C04832879}.Release|Any CPU.Build.0 = Release|Any CPU
		{2EB02546-6B0D-4D70-B8D8-05E616FD2F1A}.Debug|Any CPU.ActiveCfg = Debug|Any CPU
		{2EB02546-6B0D-4D70-B8D8-05E616FD2F1A}.Debug|Any CPU.Build.0 = Debug|Any CPU
		{2EB02546-6B0D-4D70-B8D8-05E616FD2F1A}.Release|Any CPU.ActiveCfg = Release|Any CPU
		{2EB02546-6B0D-4D70-B8D8-05E616FD2F1A}.Release|Any CPU.Build.0 = Release|Any CPU
		{7BF6A3D6-DEFD-4D6C-A158-04514EAE742D}.Debug|Any CPU.ActiveCfg = Debug|Any CPU
		{7BF6A3D6-DEFD-4D6C-A158-04514EAE742D}.Debug|Any CPU.Build.0 = Debug|Any CPU
		{7BF6A3D6-DEFD-4D6C-A158-04514EAE742D}.Debug|Any CPU.Deploy.0 = Debug|Any CPU
		{7BF6A3D6-DEFD-4D6C-A158-04514EAE742D}.Release|Any CPU.ActiveCfg = Release|Any CPU
		{7BF6A3D6-DEFD-4D6C-A158-04514EAE742D}.Release|Any CPU.Build.0 = Release|Any CPU
		{7BF6A3D6-DEFD-4D6C-A158-04514EAE742D}.Release|Any CPU.Deploy.0 = Release|Any CPU
	EndGlobalSection
	GlobalSection(SolutionProperties) = preSolution
		HideSolutionNode = FALSE
	EndGlobalSection
	GlobalSection(ExtensibilityGlobals) = postSolution
		SolutionGuid = {20C456CD-0AD6-41A2-B40B-AC80C0378F77}
	EndGlobalSection
EndGlobal
